<?xml version="1.0" encoding="utf-8"?>
<Project ToolsVersion="4.0" xmlns="http://schemas.microsoft.com/developer/msbuild/2003">
  <ItemGroup>
    <Filter Include="Classes">
      <UniqueIdentifier>{4FC737F1-C7A5-4376-A066-2A32D752A2FF}</UniqueIdentifier>
      <Extensions>cpp;c;cc;cxx;def;odl;idl;hpj;bat;asm;asmx</Extensions>
    </Filter>
    <Filter Include="win32">
      <UniqueIdentifier>{93995380-89BD-4b04-88EB-625FBE52EBFB}</UniqueIdentifier>
      <Extensions>h;hpp;hxx;hm;inl;inc;xsd</Extensions>
    </Filter>
    <Filter Include="Classes\demo">
      <UniqueIdentifier>{49e4e503-8f9d-4ca4-8400-e185b44130ea}</UniqueIdentifier>
    </Filter>
    <Filter Include="Classes\demo\gameRPG">
      <UniqueIdentifier>{2a5a32f5-eb26-4d3a-bdf9-6210e617451a}</UniqueIdentifier>
    </Filter>
    <Filter Include="Classes\math">
      <UniqueIdentifier>{47593372-d8f3-44c6-a5b5-a968ed682013}</UniqueIdentifier>
    </Filter>
  </ItemGroup>
  <ItemGroup>
    <ClCompile Include="..\Classes\AppDelegate.cpp">
      <Filter>Classes</Filter>
    </ClCompile>
    <ClCompile Include="main.cpp">
      <Filter>win32</Filter>
    </ClCompile>
    <ClCompile Include="..\Classes\demo\gameRPG\scene_rpg.cpp">
      <Filter>Classes\demo\gameRPG</Filter>
    </ClCompile>
    <ClCompile Include="..\Classes\demo\gameRPG\config.cpp">
      <Filter>Classes\demo\gameRPG</Filter>
    </ClCompile>
    <ClCompile Include="..\Classes\demo\gameRPG\game_ui.cpp">
      <Filter>Classes\demo\gameRPG</Filter>
    </ClCompile>
    <ClCompile Include="..\Classes\demo\gameRPG\game_controller.cpp">
      <Filter>Classes\demo\gameRPG</Filter>
    </ClCompile>
    <ClCompile Include="..\Classes\demo\gameRPG\game_bg.cpp">
      <Filter>Classes\demo\gameRPG</Filter>
    </ClCompile>
    <ClCompile Include="..\Classes\math\vector.cpp">
      <Filter>Classes\math</Filter>
    </ClCompile>
  </ItemGroup>
  <ItemGroup>
    <ClInclude Include="..\Classes\AppDelegate.h">
      <Filter>Classes</Filter>
    </ClInclude>
    <ClInclude Include="main.h">
      <Filter>win32</Filter>
    </ClInclude>
    <ClInclude Include="..\Classes\demo\gameRPG\config.h">
      <Filter>Classes\demo\gameRPG</Filter>
    </ClInclude>
    <ClInclude Include="..\Classes\demo\gameRPG\singleton.h">
      <Filter>Classes\demo\gameRPG</Filter>
    </ClInclude>
    <ClInclude Include="..\Classes\demo\gameRPG\scene_rpg.h">
      <Filter>Classes\demo\gameRPG</Filter>
    </ClInclude>
    <ClInclude Include="..\Classes\demo\gameRPG\game_ui.h">
      <Filter>Classes\demo\gameRPG</Filter>
    </ClInclude>
    <ClInclude Include="..\Classes\demo\gameRPG\game_controller.h">
      <Filter>Classes\demo\gameRPG</Filter>
    </ClInclude>
    <ClInclude Include="..\Classes\demo\gameRPG\game_bg.h">
      <Filter>Classes\demo\gameRPG</Filter>
    </ClInclude>
    <ClInclude Include="..\Classes\math\math.h">
      <Filter>Classes\math</Filter>
    </ClInclude>
    <ClInclude Include="..\Classes\math\vector.h">
      <Filter>Classes\math</Filter>
    </ClInclude>
  </ItemGroup>
</Project>